<?xml version="1.0" encoding="utf-8"?>
<Project ToolsVersion="4.0" xmlns="http://schemas.microsoft.com/developer/msbuild/2003">
  <ItemGroup>
    <Filter Include="源文件">
      <UniqueIdentifier>{4FC737F1-C7A5-4376-A066-2A32D752A2FF}</UniqueIdentifier>
      <Extensions>cpp;c;cc;cxx;def;odl;idl;hpj;bat;asm;asmx</Extensions>
    </Filter>
    <Filter Include="头文件">
      <UniqueIdentifier>{93995380-89BD-4b04-88EB-625FBE52EBFB}</UniqueIdentifier>
      <Extensions>h;hh;hpp;hxx;hm;inl;inc;ipp;xsd</Extensions>
    </Filter>
    <Filter Include="资源文件">
      <UniqueIdentifier>{67DA6AB6-F800-4c08-8B7A-83BB121AAD01}</UniqueIdentifier>
      <Extensions>rc;ico;cur;bmp;dlg;rc2;rct;bin;rgs;gif;jpg;jpeg;jpe;resx;tiff;tif;png;wav;mfcribbon-ms</Extensions>
    </Filter>
    <Filter Include="External">
      <UniqueIdentifier>{ecd8ecb1-2d5b-4164-8d3f-a54c01449a12}</UniqueIdentifier>
    </Filter>
    <Filter Include="External\cnpy">
      <UniqueIdentifier>{b688d0a1-0a02-4e97-be51-ea4d3276d244}</UniqueIdentifier>
    </Filter>
    <Filter Include="External\pystring">
      <UniqueIdentifier>{3b0d49b8-f1f7-4171-97aa-3b0980882ffc}</UniqueIdentifier>
    </Filter>
  </ItemGroup>
  <ItemGroup>
    <ClCompile Include="External\cnpy\cnpy.cpp">
      <Filter>External\cnpy</Filter>
    </ClCompile>
    <ClCompile Include="External\pystring\pystring.cpp">
      <Filter>External\pystring</Filter>
    </ClCompile>
    <ClCompile Include="src\Animation.cpp">
      <Filter>源文件</Filter>
    </ClCompile>
    <ClCompile Include="src\Field3.cpp">
      <Filter>源文件</Filter>
    </ClCompile>
    <ClCompile Include="src\PhysicsAnimation.cpp">
      <Filter>源文件</Filter>
    </ClCompile>
    <ClCompile Include="src\ParticleSystemSolver3.cpp">
      <Filter>源文件</Filter>
    </ClCompile>
    <ClCompile Include="src\Collider3.cpp">
      <Filter>源文件</Filter>
    </ClCompile>
    <ClCompile Include="src\PointNeighborSearcher3.cpp">
      <Filter>源文件</Filter>
    </ClCompile>
    <ClCompile Include="src\SphKernel.cpp">
      <Filter>源文件</Filter>
    </ClCompile>
    <ClCompile Include="src\SphSystemData3.cpp">
      <Filter>源文件</Filter>
    </ClCompile>
    <ClCompile Include="src\ParticleSystemData3.cpp">
      <Filter>源文件</Filter>
    </ClCompile>
  </ItemGroup>
  <ItemGroup>
    <ClInclude Include="src\Animation.h">
      <Filter>头文件</Filter>
    </ClInclude>
    <ClInclude Include="src\OutputForMatplotlib.h">
      <Filter>头文件</Filter>
    </ClInclude>
    <ClInclude Include="External\cnpy\cnpy.h">
      <Filter>External\cnpy</Filter>
    </ClInclude>
    <ClInclude Include="External\pystring\pystring.h">
      <Filter>External\pystring</Filter>
    </ClInclude>
    <ClInclude Include="src\Constant.h">
      <Filter>头文件</Filter>
    </ClInclude>
    <ClInclude Include="src\Vector3.h">
      <Filter>头文件</Filter>
    </ClInclude>
    <ClInclude Include="src\Field3.h">
      <Filter>头文件</Filter>
    </ClInclude>
    <ClInclude Include="src\PhysicsAnimation.h">
      <Filter>头文件</Filter>
    </ClInclude>
    <ClInclude Include="src\ParticleSystemSolver3.h">
      <Filter>头文件</Filter>
    </ClInclude>
    <ClInclude Include="src\Collider3.h">
      <Filter>头文件</Filter>
    </ClInclude>
    <ClInclude Include="src\PointNeighborSearcher3.h">
      <Filter>头文件</Filter>
    </ClInclude>
    <ClInclude Include="src\SphKernel.h">
      <Filter>头文件</Filter>
    </ClInclude>
    <ClInclude Include="src\SphSystemData3.h">
      <Filter>头文件</Filter>
    </ClInclude>
    <ClInclude Include="src\ParticleSystemData3.h">
      <Filter>头文件</Filter>
    </ClInclude>
  </ItemGroup>
  <ItemGroup>
    <None Include="packages.config" />
  </ItemGroup>
</Project>